
Microsoft Visual Studio Solution File, Format Version 12.00
# Visual Studio Version 16
VisualStudioVersion = 16.0.30709.132
MinimumVisualStudioVersion = 10.0.40219.1
Project("{9A19103F-16F7-4668-BE54-9A1E7A4F7556}") = "ValorantAPIWrapper", "ValorantAPIWrapper\ValorantAPIWrapper.csproj", "{CAC01770-0DE3-4BA8-838F-B9E34658084C}"
EndProject
Project("{9A19103F-16F7-4668-BE54-9A1E7A4F7556}") = "ValorantCSTest", "ValorantCSTest\ValorantCSTest.csproj", "{2219316B-223D-4486-928D-5EE5B3363654}"
EndProject
Project("{FAE04EC0-301F-11D3-BF4B-00C04F79EFBC}") = "ValorantAPIWPFTest", "ValorantAPIWPFTest\ValorantAPIWPFTest.csproj", "{CA72F614-0EAC-4058-9D3E-AE23D1B5F11A}"
EndProject
Global
	GlobalSection(SolutionConfigurationPlatforms) = preSolution
		Debug|Any CPU = Debug|Any CPU
		Release|Any CPU = Release|Any CPU
	EndGlobalSection
	GlobalSection(ProjectConfigurationPlatforms) = postSolution
		{CAC01770-0DE3-4BA8-838F-B9E34658084C}.Debug|Any CPU.ActiveCfg = Debug|Any CPU
		{CAC01770-0DE3-4BA8-838F-B9E34658084C}.Debug|Any CPU.Build.0 = Debug|Any CPU
		{CAC01770-0DE3-4BA8-838F-B9E34658084C}.Release|Any CPU.ActiveCfg = Release|Any CPU
		{CAC01770-0DE3-4BA8-838F-B9E34658084C}.Release|Any CPU.Build.0 = Release|Any CPU
		{2219316B-223D-4486-928D-5EE5B3363654}.Debug|Any CPU.ActiveCfg = Debug|Any CPU
		{2219316B-223D-4486-928D-5EE5B3363654}.Debug|Any CPU.Build.0 = Debug|Any CPU
		{2219316B-223D-4486-928D-5EE5B3363654}.Release|Any CPU.ActiveCfg = Release|Any CPU
		{2219316B-223D-4486-928D-5EE5B3363654}.Release|Any CPU.Build.0 = Release|Any CPU
		{CA72F614-0EAC-4058-9D3E-AE23D1B5F11A}.Debug|Any CPU.ActiveCfg = Debug|Any CPU
		{CA72F614-0EAC-4058-9D3E-AE23D1B5F11A}.Debug|Any CPU.Build.0 = Debug|Any CPU
		{CA72F614-0EAC-4058-9D3E-AE23D1B5F11A}.Release|Any CPU.ActiveCfg = Release|Any CPU
		{CA72F614-0EAC-4058-9D3E-AE23D1B5F11A}.Release|Any CPU.Build.0 = Release|Any CPU
	EndGlobalSection
	GlobalSection(SolutionProperties) = preSolution
		HideSolutionNode = FALSE
	EndGlobalSection
	GlobalSection(ExtensibilityGlobals) = postSolution
		SolutionGuid = {09A758D9-48BD-4AE8-AE24-A6E87B6CDBCF}
	EndGlobalSection
EndGlobal
